
Microsoft Visual Studio Solution File, Format Version 12.00
# Visual Studio 2012
Project("{D954291E-2A0B-460D-934E-DC6B0785DB48}") = "LayoutApp", "LayoutApp\LayoutApp.shproj", "{462F8D41-13DF-4C2E-9F77-B355D9D235F4}"
EndProject
Project("{FAE04EC0-301F-11D3-BF4B-00C04F79EFBC}") = "LayoutApp.iOS", "iOS\LayoutApp.iOS.csproj", "{B1602E58-231F-48C0-A814-BBE63869B432}"
EndProject
Project("{FAE04EC0-301F-11D3-BF4B-00C04F79EFBC}") = "LayoutApp.Droid", "Droid\LayoutApp.Droid.csproj", "{2139CDC6-9BEC-4B1D-B01B-5A679F381EC3}"
EndProject
Global
	GlobalSection(SolutionConfigurationPlatforms) = preSolution
		Debug|iPhoneSimulator = Debug|iPhoneSimulator
		Release|iPhone = Release|iPhone
		Release|iPhoneSimulator = Release|iPhoneSimulator
		Debug|iPhone = Debug|iPhone
		Debug|Any CPU = Debug|Any CPU
		Release|Any CPU = Release|Any CPU
	EndGlobalSection
	GlobalSection(ProjectConfigurationPlatforms) = postSolution
		{B1602E58-231F-48C0-A814-BBE63869B432}.Debug|iPhoneSimulator.ActiveCfg = Debug|iPhoneSimulator
		{B1602E58-231F-48C0-A814-BBE63869B432}.Debug|iPhoneSimulator.Build.0 = Debug|iPhoneSimulator
		{B1602E58-231F-48C0-A814-BBE63869B432}.Release|iPhone.ActiveCfg = Release|iPhone
		{B1602E58-231F-48C0-A814-BBE63869B432}.Release|iPhone.Build.0 = Release|iPhone
		{B1602E58-231F-48C0-A814-BBE63869B432}.Release|iPhoneSimulator.ActiveCfg = Release|iPhoneSimulator
		{B1602E58-231F-48C0-A814-BBE63869B432}.Release|iPhoneSimulator.Build.0 = Release|iPhoneSimulator
		{B1602E58-231F-48C0-A814-BBE63869B432}.Debug|iPhone.ActiveCfg = Debug|iPhone
		{B1602E58-231F-48C0-A814-BBE63869B432}.Debug|iPhone.Build.0 = Debug|iPhone
		{B1602E58-231F-48C0-A814-BBE63869B432}.Debug|Any CPU.ActiveCfg = Debug|iPhoneSimulator
		{B1602E58-231F-48C0-A814-BBE63869B432}.Debug|Any CPU.Build.0 = Debug|iPhoneSimulator
		{B1602E58-231F-48C0-A814-BBE63869B432}.Release|Any CPU.ActiveCfg = Release|iPhone
		{B1602E58-231F-48C0-A814-BBE63869B432}.Release|Any CPU.Build.0 = Release|iPhone
		{2139CDC6-9BEC-4B1D-B01B-5A679F381EC3}.Debug|iPhoneSimulator.ActiveCfg = Debug|Any CPU
		{2139CDC6-9BEC-4B1D-B01B-5A679F381EC3}.Debug|iPhoneSimulator.Build.0 = Debug|Any CPU
		{2139CDC6-9BEC-4B1D-B01B-5A679F381EC3}.Release|iPhone.ActiveCfg = Release|Any CPU
		{2139CDC6-9BEC-4B1D-B01B-5A679F381EC3}.Release|iPhone.Build.0 = Release|Any CPU
		{2139CDC6-9BEC-4B1D-B01B-5A679F381EC3}.Release|iPhoneSimulator.ActiveCfg = Release|Any CPU
		{2139CDC6-9BEC-4B1D-B01B-5A679F381EC3}.Release|iPhoneSimulator.Build.0 = Release|Any CPU
		{2139CDC6-9BEC-4B1D-B01B-5A679F381EC3}.Debug|iPhone.ActiveCfg = Debug|Any CPU
		{2139CDC6-9BEC-4B1D-B01B-5A679F381EC3}.Debug|iPhone.Build.0 = Debug|Any CPU
		{2139CDC6-9BEC-4B1D-B01B-5A679F381EC3}.Debug|Any CPU.ActiveCfg = Debug|Any CPU
		{2139CDC6-9BEC-4B1D-B01B-5A679F381EC3}.Debug|Any CPU.Build.0 = Debug|Any CPU
		{2139CDC6-9BEC-4B1D-B01B-5A679F381EC3}.Release|Any CPU.ActiveCfg = Release|Any CPU
		{2139CDC6-9BEC-4B1D-B01B-5A679F381EC3}.Release|Any CPU.Build.0 = Release|Any CPU
	EndGlobalSection
EndGlobal
